
Microsoft Visual Studio Solution File, Format Version 12.00
# Visual Studio 15
VisualStudioVersion = 15.0.26430.12
MinimumVisualStudioVersion = 10.0.40219.1
Project("{2150E333-8FDC-42A3-9474-1A3956D46DE8}") = "Complex Domain", "Complex Domain", "{376EA585-AA80-493E-861E-D586DE063703}"
EndProject
Project("{2150E333-8FDC-42A3-9474-1A3956D46DE8}") = "Server", "Server", "{82433550-9DE5-4D2A-8345-AC34CF6D3D63}"
EndProject
Project("{2150E333-8FDC-42A3-9474-1A3956D46DE8}") = "Gestao", "Gestao", "{DE367310-E687-47DD-9C30-AED1CD9BD13D}"
EndProject
Project("{2150E333-8FDC-42A3-9474-1A3956D46DE8}") = "Site", "Site", "{5C4C78B0-93C8-4725-8C97-BAEA3A0E422A}"
EndProject
Project("{2150E333-8FDC-42A3-9474-1A3956D46DE8}") = "Core", "Core", "{B100DBD6-3333-4CF1-8E70-40223D974F46}"
EndProject
Project("{2150E333-8FDC-42A3-9474-1A3956D46DE8}") = "Domain", "Domain", "{859D26A8-904E-4D84-970F-7FE4EBFA571B}"
EndProject
Project("{2150E333-8FDC-42A3-9474-1A3956D46DE8}") = "Infra", "Infra", "{AAAAAFF6-CCAC-4BFA-8A36-7DCF86D2D1E6}"
EndProject
Project("{FAE04EC0-301F-11D3-BF4B-00C04F79EFBC}") = "ControleEmpresarial.Core.Infra", "src\ControleEmpresarial.Core.Infra\ControleEmpresarial.Core.Infra.csproj", "{FBB23716-657D-4A6D-98F3-389CCCD05D33}"
EndProject
Project("{2150E333-8FDC-42A3-9474-1A3956D46DE8}") = "Test", "Test", "{E5F7E18C-DA8A-48AF-8DA3-2C7A6789C803}"
EndProject
Project("{2150E333-8FDC-42A3-9474-1A3956D46DE8}") = "Estoque", "Estoque", "{C7D67CE6-82E5-46DE-8F61-F0F9060DB94C}"
EndProject
Project("{2150E333-8FDC-42A3-9474-1A3956D46DE8}") = "Test", "Test", "{0332DDFE-E6CE-4B27-9B9C-509B4DD51D89}"
EndProject
Project("{2150E333-8FDC-42A3-9474-1A3956D46DE8}") = "Domain", "Domain", "{EC573B39-19EB-414C-B980-10D62456AB98}"
EndProject
Project("{FAE04EC0-301F-11D3-BF4B-00C04F79EFBC}") = "ControleEmpresarial.Core.Domain", "src\ControleEmpresarial.Core.Domain\ControleEmpresarial.Core.Domain.csproj", "{65AB079D-9452-43D5-8913-CE6D7330518D}"
EndProject
Project("{FAE04EC0-301F-11D3-BF4B-00C04F79EFBC}") = "ControleEmpresarial.Core.Teste", "test\ControleEmpresarial.Core.Test\ControleEmpresarial.Core.Teste.csproj", "{BCF1BFBE-4253-4D8E-9512-B34A40445A99}"
EndProject
Project("{FAE04EC0-301F-11D3-BF4B-00C04F79EFBC}") = "ControleEmpresarial.Estoque.Test", "test\ControleEmpresarial.Estoque.Test\ControleEmpresarial.Estoque.Test.csproj", "{3F667A64-D609-4955-A91B-0E0B86B79D43}"
EndProject
Project("{FAE04EC0-301F-11D3-BF4B-00C04F79EFBC}") = "ControleEmpresarial.Estoque.Domain", "src\ControleEmpresarial.Estoque.Domain\ControleEmpresarial.Estoque.Domain.csproj", "{0067F9FB-AD16-4F35-A6E5-0997834547A9}"
EndProject
Project("{2150E333-8FDC-42A3-9474-1A3956D46DE8}") = "Data", "Data", "{42A25F90-0604-4916-9474-57C41B12765A}"
EndProject
Project("{FAE04EC0-301F-11D3-BF4B-00C04F79EFBC}") = "ControleEmpresarial.Estoque.Data", "src\ControleEmpresarial.Estoque.Data\ControleEmpresarial.Estoque.Data.csproj", "{87256380-FD7B-46EB-8F08-D8EFF1BBB903}"
EndProject
Project("{2150E333-8FDC-42A3-9474-1A3956D46DE8}") = "Application", "Application", "{7E31A91F-C706-46E8-A405-786205C34888}"
EndProject
Project("{FAE04EC0-301F-11D3-BF4B-00C04F79EFBC}") = "ControleEmpresarial.Estoque.Application", "src\ControleEmpresarial.Estoque.Application\ControleEmpresarial.Estoque.Application.csproj", "{B906D345-520F-43EC-9570-EB4A51B09686}"
EndProject
Project("{2150E333-8FDC-42A3-9474-1A3956D46DE8}") = "Infra", "Infra", "{83FF9421-DDC3-455E-AB9A-6B77A71F80A5}"
EndProject
Project("{FAE04EC0-301F-11D3-BF4B-00C04F79EFBC}") = "ControleEmpresarial.Estoque.Infra.IoC", "src\ControleEmpresarial.Estoque.Infra\ControleEmpresarial.Estoque.Infra.IoC.csproj", "{7CE82C57-9485-4056-AF68-38EFCD22ED28}"
EndProject
Project("{FAE04EC0-301F-11D3-BF4B-00C04F79EFBC}") = "ControleEmpresarial.Estoque.IntegrationTest", "test\ControleEmpresarial.Estoque.IntegrationTest\ControleEmpresarial.Estoque.IntegrationTest.csproj", "{45F29752-C2A7-421C-A9E3-9C1AFC7A9C8B}"
EndProject
Project("{FAE04EC0-301F-11D3-BF4B-00C04F79EFBC}") = "ControleEmpresarial.UI", "src\ControleEmpresarial.UI\ControleEmpresarial.UI.csproj", "{BA8A5C2A-27A4-472C-A2E5-C1F9F77E80FB}"
EndProject
Global
	GlobalSection(SolutionConfigurationPlatforms) = preSolution
		Debug|Any CPU = Debug|Any CPU
		Release|Any CPU = Release|Any CPU
	EndGlobalSection
	GlobalSection(ProjectConfigurationPlatforms) = postSolution
		{FBB23716-657D-4A6D-98F3-389CCCD05D33}.Debug|Any CPU.ActiveCfg = Debug|Any CPU
		{FBB23716-657D-4A6D-98F3-389CCCD05D33}.Debug|Any CPU.Build.0 = Debug|Any CPU
		{FBB23716-657D-4A6D-98F3-389CCCD05D33}.Release|Any CPU.ActiveCfg = Release|Any CPU
		{FBB23716-657D-4A6D-98F3-389CCCD05D33}.Release|Any CPU.Build.0 = Release|Any CPU
		{65AB079D-9452-43D5-8913-CE6D7330518D}.Debug|Any CPU.ActiveCfg = Debug|Any CPU
		{65AB079D-9452-43D5-8913-CE6D7330518D}.Debug|Any CPU.Build.0 = Debug|Any CPU
		{65AB079D-9452-43D5-8913-CE6D7330518D}.Release|Any CPU.ActiveCfg = Release|Any CPU
		{65AB079D-9452-43D5-8913-CE6D7330518D}.Release|Any CPU.Build.0 = Release|Any CPU
		{BCF1BFBE-4253-4D8E-9512-B34A40445A99}.Debug|Any CPU.ActiveCfg = Debug|Any CPU
		{BCF1BFBE-4253-4D8E-9512-B34A40445A99}.Debug|Any CPU.Build.0 = Debug|Any CPU
		{BCF1BFBE-4253-4D8E-9512-B34A40445A99}.Release|Any CPU.ActiveCfg = Release|Any CPU
		{BCF1BFBE-4253-4D8E-9512-B34A40445A99}.Release|Any CPU.Build.0 = Release|Any CPU
		{3F667A64-D609-4955-A91B-0E0B86B79D43}.Debug|Any CPU.ActiveCfg = Debug|Any CPU
		{3F667A64-D609-4955-A91B-0E0B86B79D43}.Debug|Any CPU.Build.0 = Debug|Any CPU
		{3F667A64-D609-4955-A91B-0E0B86B79D43}.Release|Any CPU.ActiveCfg = Release|Any CPU
		{3F667A64-D609-4955-A91B-0E0B86B79D43}.Release|Any CPU.Build.0 = Release|Any CPU
		{0067F9FB-AD16-4F35-A6E5-0997834547A9}.Debug|Any CPU.ActiveCfg = Debug|Any CPU
		{0067F9FB-AD16-4F35-A6E5-0997834547A9}.Debug|Any CPU.Build.0 = Debug|Any CPU
		{0067F9FB-AD16-4F35-A6E5-0997834547A9}.Release|Any CPU.ActiveCfg = Release|Any CPU
		{0067F9FB-AD16-4F35-A6E5-0997834547A9}.Release|Any CPU.Build.0 = Release|Any CPU
		{87256380-FD7B-46EB-8F08-D8EFF1BBB903}.Debug|Any CPU.ActiveCfg = Debug|Any CPU
		{87256380-FD7B-46EB-8F08-D8EFF1BBB903}.Debug|Any CPU.Build.0 = Debug|Any CPU
		{87256380-FD7B-46EB-8F08-D8EFF1BBB903}.Release|Any CPU.ActiveCfg = Release|Any CPU
		{87256380-FD7B-46EB-8F08-D8EFF1BBB903}.Release|Any CPU.Build.0 = Release|Any CPU
		{B906D345-520F-43EC-9570-EB4A51B09686}.Debug|Any CPU.ActiveCfg = Debug|Any CPU
		{B906D345-520F-43EC-9570-EB4A51B09686}.Debug|Any CPU.Build.0 = Debug|Any CPU
		{B906D345-520F-43EC-9570-EB4A51B09686}.Release|Any CPU.ActiveCfg = Release|Any CPU
		{B906D345-520F-43EC-9570-EB4A51B09686}.Release|Any CPU.Build.0 = Release|Any CPU
		{7CE82C57-9485-4056-AF68-38EFCD22ED28}.Debug|Any CPU.ActiveCfg = Debug|Any CPU
		{7CE82C57-9485-4056-AF68-38EFCD22ED28}.Debug|Any CPU.Build.0 = Debug|Any CPU
		{7CE82C57-9485-4056-AF68-38EFCD22ED28}.Release|Any CPU.ActiveCfg = Release|Any CPU
		{7CE82C57-9485-4056-AF68-38EFCD22ED28}.Release|Any CPU.Build.0 = Release|Any CPU
		{45F29752-C2A7-421C-A9E3-9C1AFC7A9C8B}.Debug|Any CPU.ActiveCfg = Debug|Any CPU
		{45F29752-C2A7-421C-A9E3-9C1AFC7A9C8B}.Debug|Any CPU.Build.0 = Debug|Any CPU
		{45F29752-C2A7-421C-A9E3-9C1AFC7A9C8B}.Release|Any CPU.ActiveCfg = Release|Any CPU
		{45F29752-C2A7-421C-A9E3-9C1AFC7A9C8B}.Release|Any CPU.Build.0 = Release|Any CPU
		{BA8A5C2A-27A4-472C-A2E5-C1F9F77E80FB}.Debug|Any CPU.ActiveCfg = Debug|Any CPU
		{BA8A5C2A-27A4-472C-A2E5-C1F9F77E80FB}.Debug|Any CPU.Build.0 = Debug|Any CPU
		{BA8A5C2A-27A4-472C-A2E5-C1F9F77E80FB}.Release|Any CPU.ActiveCfg = Release|Any CPU
		{BA8A5C2A-27A4-472C-A2E5-C1F9F77E80FB}.Release|Any CPU.Build.0 = Release|Any CPU
	EndGlobalSection
	GlobalSection(SolutionProperties) = preSolution
		HideSolutionNode = FALSE
	EndGlobalSection
	GlobalSection(NestedProjects) = preSolution
		{DE367310-E687-47DD-9C30-AED1CD9BD13D} = {5C4C78B0-93C8-4725-8C97-BAEA3A0E422A}
		{5C4C78B0-93C8-4725-8C97-BAEA3A0E422A} = {82433550-9DE5-4D2A-8345-AC34CF6D3D63}
		{B100DBD6-3333-4CF1-8E70-40223D974F46} = {376EA585-AA80-493E-861E-D586DE063703}
		{859D26A8-904E-4D84-970F-7FE4EBFA571B} = {B100DBD6-3333-4CF1-8E70-40223D974F46}
		{AAAAAFF6-CCAC-4BFA-8A36-7DCF86D2D1E6} = {B100DBD6-3333-4CF1-8E70-40223D974F46}
		{FBB23716-657D-4A6D-98F3-389CCCD05D33} = {AAAAAFF6-CCAC-4BFA-8A36-7DCF86D2D1E6}
		{E5F7E18C-DA8A-48AF-8DA3-2C7A6789C803} = {B100DBD6-3333-4CF1-8E70-40223D974F46}
		{C7D67CE6-82E5-46DE-8F61-F0F9060DB94C} = {376EA585-AA80-493E-861E-D586DE063703}
		{0332DDFE-E6CE-4B27-9B9C-509B4DD51D89} = {C7D67CE6-82E5-46DE-8F61-F0F9060DB94C}
		{EC573B39-19EB-414C-B980-10D62456AB98} = {C7D67CE6-82E5-46DE-8F61-F0F9060DB94C}
		{65AB079D-9452-43D5-8913-CE6D7330518D} = {859D26A8-904E-4D84-970F-7FE4EBFA571B}
		{BCF1BFBE-4253-4D8E-9512-B34A40445A99} = {E5F7E18C-DA8A-48AF-8DA3-2C7A6789C803}
		{3F667A64-D609-4955-A91B-0E0B86B79D43} = {0332DDFE-E6CE-4B27-9B9C-509B4DD51D89}
		{0067F9FB-AD16-4F35-A6E5-0997834547A9} = {EC573B39-19EB-414C-B980-10D62456AB98}
		{42A25F90-0604-4916-9474-57C41B12765A} = {C7D67CE6-82E5-46DE-8F61-F0F9060DB94C}
		{87256380-FD7B-46EB-8F08-D8EFF1BBB903} = {42A25F90-0604-4916-9474-57C41B12765A}
		{7E31A91F-C706-46E8-A405-786205C34888} = {C7D67CE6-82E5-46DE-8F61-F0F9060DB94C}
		{B906D345-520F-43EC-9570-EB4A51B09686} = {7E31A91F-C706-46E8-A405-786205C34888}
		{83FF9421-DDC3-455E-AB9A-6B77A71F80A5} = {C7D67CE6-82E5-46DE-8F61-F0F9060DB94C}
		{7CE82C57-9485-4056-AF68-38EFCD22ED28} = {83FF9421-DDC3-455E-AB9A-6B77A71F80A5}
		{45F29752-C2A7-421C-A9E3-9C1AFC7A9C8B} = {0332DDFE-E6CE-4B27-9B9C-509B4DD51D89}
		{BA8A5C2A-27A4-472C-A2E5-C1F9F77E80FB} = {5C4C78B0-93C8-4725-8C97-BAEA3A0E422A}
	EndGlobalSection
EndGlobal
